
Microsoft Visual Studio Solution File, Format Version 12.00
# Visual Studio Version 16
VisualStudioVersion = 16.0.29728.190
MinimumVisualStudioVersion = 10.0.40219.1
Project("{FAE04EC0-301F-11D3-BF4B-00C04F79EFBC}") = "NewerTanooki", "NewerTanooki\NewerTanooki.csproj", "{69BAA749-8929-4D85-B9F1-F30AAC662AF7}"
EndProject
Global
	GlobalSection(SolutionConfigurationPlatforms) = preSolution
		Debug|Any CPU = Debug|Any CPU
		Release|Any CPU = Release|Any CPU
	EndGlobalSection
	GlobalSection(ProjectConfigurationPlatforms) = postSolution
		{69BAA749-8929-4D85-B9F1-F30AAC662AF7}.Debug|Any CPU.ActiveCfg = Debug|Any CPU
		{69BAA749-8929-4D85-B9F1-F30AAC662AF7}.Debug|Any CPU.Build.0 = Debug|Any CPU
		{69BAA749-8929-4D85-B9F1-F30AAC662AF7}.Release|Any CPU.ActiveCfg = Release|Any CPU
		{69BAA749-8929-4D85-B9F1-F30AAC662AF7}.Release|Any CPU.Build.0 = Release|Any CPU
	EndGlobalSection
	GlobalSection(SolutionProperties) = preSolution
		HideSolutionNode = FALSE
	EndGlobalSection
	GlobalSection(ExtensibilityGlobals) = postSolution
		SolutionGuid = {C8C07E0A-FEF7-4B62-A8E9-953DCD956F78}
	EndGlobalSection
EndGlobal
